
Microsoft Visual Studio Solution File, Format Version 12.00
# Visual Studio Version 17
VisualStudioVersion = 17.6.33801.468
MinimumVisualStudioVersion = 10.0.40219.1
Project("{FAE04EC0-301F-11D3-BF4B-00C04F79EFBC}") = "Minecraft-Server-Controll", "Minecraft-Server-Controll\Minecraft-Server-Controll.csproj", "{AEC8F57D-6C38-4BE7-A961-9C6C5BD40513}"
EndProject
Global
	GlobalSection(SolutionConfigurationPlatforms) = preSolution
		Debug|Any CPU = Debug|Any CPU
		Release|Any CPU = Release|Any CPU
	EndGlobalSection
	GlobalSection(ProjectConfigurationPlatforms) = postSolution
		{AEC8F57D-6C38-4BE7-A961-9C6C5BD40513}.Debug|Any CPU.ActiveCfg = Debug|Any CPU
		{AEC8F57D-6C38-4BE7-A961-9C6C5BD40513}.Debug|Any CPU.Build.0 = Debug|Any CPU
		{AEC8F57D-6C38-4BE7-A961-9C6C5BD40513}.Release|Any CPU.ActiveCfg = Release|Any CPU
		{AEC8F57D-6C38-4BE7-A961-9C6C5BD40513}.Release|Any CPU.Build.0 = Release|Any CPU
	EndGlobalSection
	GlobalSection(SolutionProperties) = preSolution
		HideSolutionNode = FALSE
	EndGlobalSection
	GlobalSection(ExtensibilityGlobals) = postSolution
		SolutionGuid = {F04ECB3F-CA01-46B2-AE4D-49726B9B0F8A}
	EndGlobalSection
EndGlobal
